
Microsoft Visual Studio Solution File, Format Version 12.00
# Visual Studio Version 16
VisualStudioVersion = 16.0.29021.104
MinimumVisualStudioVersion = 10.0.40219.1
Project("{8BC9CEB8-8B4A-11D0-8D11-00A0C91BC942}") = "niutensor", "niutensor\niutensor.vcxproj", "{9E65342B-6F4E-43B3-BBE3-2D74ECFED50D}"
EndProject
Global
	GlobalSection(SolutionConfigurationPlatforms) = preSolution
		Debug|x64 = Debug|x64
		Debug|x86 = Debug|x86
		Release|x64 = Release|x64
		Release|x86 = Release|x86
	EndGlobalSection
	GlobalSection(ProjectConfigurationPlatforms) = postSolution
		{9E65342B-6F4E-43B3-BBE3-2D74ECFED50D}.Debug|x64.ActiveCfg = Debug|x64
		{9E65342B-6F4E-43B3-BBE3-2D74ECFED50D}.Debug|x64.Build.0 = Debug|x64
		{9E65342B-6F4E-43B3-BBE3-2D74ECFED50D}.Debug|x86.ActiveCfg = Debug|Win32
		{9E65342B-6F4E-43B3-BBE3-2D74ECFED50D}.Debug|x86.Build.0 = Debug|Win32
		{9E65342B-6F4E-43B3-BBE3-2D74ECFED50D}.Release|x64.ActiveCfg = Release|x64
		{9E65342B-6F4E-43B3-BBE3-2D74ECFED50D}.Release|x64.Build.0 = Release|x64
		{9E65342B-6F4E-43B3-BBE3-2D74ECFED50D}.Release|x86.ActiveCfg = Release|Win32
		{9E65342B-6F4E-43B3-BBE3-2D74ECFED50D}.Release|x86.Build.0 = Release|Win32
	EndGlobalSection
	GlobalSection(SolutionProperties) = preSolution
		HideSolutionNode = FALSE
	EndGlobalSection
	GlobalSection(ExtensibilityGlobals) = postSolution
		SolutionGuid = {F57F74ED-C6FB-4C15-8682-D3596E2C3EE3}
	EndGlobalSection
EndGlobal
